<?xml version="1.0" encoding="utf-8"?>
<Project ToolsVersion="4.0" xmlns="http://schemas.microsoft.com/developer/msbuild/2003">
  <ItemGroup>
    <Filter Include="Source Files">
      <UniqueIdentifier>{4FC737F1-C7A5-4376-A066-2A32D752A2FF}</UniqueIdentifier>
      <Extensions>cpp;c;cc;cxx;def;odl;idl;hpj;bat;asm;asmx</Extensions>
    </Filter>
    <Filter Include="Header Files">
      <UniqueIdentifier>{93995380-89BD-4b04-88EB-625FBE52EBFB}</UniqueIdentifier>
      <Extensions>h;hpp;hxx;hm;inl;inc;xsd</Extensions>
    </Filter>
    <Filter Include="Resource Files">
      <UniqueIdentifier>{67DA6AB6-F800-4c08-8B7A-83BB121AAD01}</UniqueIdentifier>
      <Extensions>rc;ico;cur;bmp;dlg;rc2;rct;bin;rgs;gif;jpg;jpeg;jpe;resx;tiff;tif;png;wav;mfcribbon-ms</Extensions>
    </Filter>
    <Filter Include="components">
      <UniqueIdentifier>{31a8e8d1-9795-42bf-99fd-500e57ac87d4}</UniqueIdentifier>
    </Filter>
    <Filter Include="PugiXML">
      <UniqueIdentifier>{bec1ca52-69f2-42eb-b134-57016057661a}</UniqueIdentifier>
    </Filter>
  </ItemGroup>
  <ItemGroup>
    <ClCompile Include="..\..\src\AudioManager.cpp">
      <Filter>Source Files</Filter>
    </ClCompile>
    <ClCompile Include="..\..\src\FolderData.cpp">
      <Filter>Source Files</Filter>
    </ClCompile>
    <ClCompile Include="..\..\src\Font.cpp">
      <Filter>Source Files</Filter>
    </ClCompile>
    <ClCompile Include="..\..\src\GameData.cpp">
      <Filter>Source Files</Filter>
    </ClCompile>
    <ClCompile Include="..\..\src\Gui.cpp">
      <Filter>Source Files</Filter>
    </ClCompile>
    <ClCompile Include="..\..\src\InputConfig.cpp">
      <Filter>Source Files</Filter>
    </ClCompile>
    <ClCompile Include="..\..\src\InputManager.cpp">
      <Filter>Source Files</Filter>
    </ClCompile>
    <ClCompile Include="..\..\src\Log.cpp">
      <Filter>Source Files</Filter>
    </ClCompile>
    <ClCompile Include="..\..\src\main.cpp">
      <Filter>Source Files</Filter>
    </ClCompile>
    <ClCompile Include="..\..\src\MathExp.cpp">
      <Filter>Source Files</Filter>
    </ClCompile>
    <ClCompile Include="..\..\src\Renderer_draw_gl.cpp">
      <Filter>Source Files</Filter>
    </ClCompile>
    <ClCompile Include="..\..\src\Renderer_init.cpp">
      <Filter>Source Files</Filter>
    </ClCompile>
    <ClCompile Include="..\..\src\Sound.cpp">
      <Filter>Source Files</Filter>
    </ClCompile>
    <ClCompile Include="..\..\src\SystemData.cpp">
      <Filter>Source Files</Filter>
    </ClCompile>
    <ClCompile Include="..\..\src\Window.cpp">
      <Filter>Source Files</Filter>
    </ClCompile>
    <ClCompile Include="..\..\src\XMLReader.cpp">
      <Filter>Source Files</Filter>
    </ClCompile>
    <ClCompile Include="..\..\src\components\GuiAnimation.cpp">
      <Filter>components</Filter>
    </ClCompile>
    <ClCompile Include="..\..\src\components\GuiTheme.cpp">
      <Filter>components</Filter>
    </ClCompile>
    <ClCompile Include="..\..\src\components\GuiBox.cpp">
      <Filter>components</Filter>
    </ClCompile>
    <ClCompile Include="..\..\src\components\GuiDetectDevice.cpp">
      <Filter>components</Filter>
    </ClCompile>
    <ClCompile Include="..\..\src\components\GuiFastSelect.cpp">
      <Filter>components</Filter>
    </ClCompile>
    <ClCompile Include="..\..\src\components\GuiGameList.cpp">
      <Filter>components</Filter>
    </ClCompile>
    <ClCompile Include="..\..\src\components\GuiImage.cpp">
      <Filter>components</Filter>
    </ClCompile>
    <ClCompile Include="..\..\src\components\GuiInputConfig.cpp">
      <Filter>components</Filter>
    </ClCompile>
    <ClCompile Include="..\..\src\components\GuiMenu.cpp">
      <Filter>components</Filter>
    </ClCompile>
    <ClCompile Include="..\..\src\pugiXML\pugixml.cpp">
      <Filter>PugiXML</Filter>
    </ClCompile>
    <ClCompile Include="..\..\src\platform.cpp">
      <Filter>Source Files</Filter>
    </ClCompile>
  </ItemGroup>
  <ItemGroup>
    <ClInclude Include="..\..\src\AudioManager.h">
      <Filter>Header Files</Filter>
    </ClInclude>
    <ClInclude Include="..\..\src\FileData.h">
      <Filter>Header Files</Filter>
    </ClInclude>
    <ClInclude Include="..\..\src\FolderData.h">
      <Filter>Header Files</Filter>
    </ClInclude>
    <ClInclude Include="..\..\src\Font.h">
      <Filter>Header Files</Filter>
    </ClInclude>
    <ClInclude Include="..\..\src\GameData.h">
      <Filter>Header Files</Filter>
    </ClInclude>
    <ClInclude Include="..\..\src\Gui.h">
      <Filter>Header Files</Filter>
    </ClInclude>
    <ClInclude Include="..\..\src\InputConfig.h">
      <Filter>Header Files</Filter>
    </ClInclude>
    <ClInclude Include="..\..\src\InputManager.h">
      <Filter>Header Files</Filter>
    </ClInclude>
    <ClInclude Include="..\..\src\Log.h">
      <Filter>Header Files</Filter>
    </ClInclude>
    <ClInclude Include="..\..\src\MathExp.h">
      <Filter>Header Files</Filter>
    </ClInclude>
    <ClInclude Include="..\..\src\platform.h">
      <Filter>Header Files</Filter>
    </ClInclude>
    <ClInclude Include="..\..\src\Renderer.h">
      <Filter>Header Files</Filter>
    </ClInclude>
    <ClInclude Include="..\..\src\Sound.h">
      <Filter>Header Files</Filter>
    </ClInclude>
    <ClInclude Include="..\..\src\SystemData.h">
      <Filter>Header Files</Filter>
    </ClInclude>
    <ClInclude Include="..\..\src\Window.h">
      <Filter>Header Files</Filter>
    </ClInclude>
    <ClInclude Include="..\..\src\XMLReader.h">
      <Filter>Header Files</Filter>
    </ClInclude>
    <ClInclude Include="..\..\src\components\GuiTheme.h">
      <Filter>components</Filter>
    </ClInclude>
    <ClInclude Include="..\..\src\components\GuiAnimation.h">
      <Filter>components</Filter>
    </ClInclude>
    <ClInclude Include="..\..\src\components\GuiBox.h">
      <Filter>components</Filter>
    </ClInclude>
    <ClInclude Include="..\..\src\components\GuiDetectDevice.h">
      <Filter>components</Filter>
    </ClInclude>
    <ClInclude Include="..\..\src\components\GuiFastSelect.h">
      <Filter>components</Filter>
    </ClInclude>
    <ClInclude Include="..\..\src\components\GuiGameList.h">
      <Filter>components</Filter>
    </ClInclude>
    <ClInclude Include="..\..\src\components\GuiImage.h">
      <Filter>components</Filter>
    </ClInclude>
    <ClInclude Include="..\..\src\components\GuiInputConfig.h">
      <Filter>components</Filter>
    </ClInclude>
    <ClInclude Include="..\..\src\components\GuiList.h">
      <Filter>components</Filter>
    </ClInclude>
    <ClInclude Include="..\..\src\components\GuiMenu.h">
      <Filter>components</Filter>
    </ClInclude>
    <ClInclude Include="..\..\src\pugiXML\pugiconfig.hpp">
      <Filter>PugiXML</Filter>
    </ClInclude>
    <ClInclude Include="..\..\src\pugiXML\pugixml.hpp">
      <Filter>PugiXML</Filter>
    </ClInclude>
  </ItemGroup>
</Project>